
Microsoft Visual Studio Solution File, Format Version 12.00
# Visual Studio Version 17
VisualStudioVersion = 17.5.33530.505
MinimumVisualStudioVersion = 10.0.40219.1
Project("{FAE04EC0-301F-11D3-BF4B-00C04F79EFBC}") = "WebApplication7", "WebApplication7.csproj", "{562F3BFF-7D15-44B7-82D0-E72923A38125}"
EndProject
Global
	GlobalSection(SolutionConfigurationPlatforms) = preSolution
		Debug|Any CPU = Debug|Any CPU
		Release|Any CPU = Release|Any CPU
	EndGlobalSection
	GlobalSection(ProjectConfigurationPlatforms) = postSolution
		{562F3BFF-7D15-44B7-82D0-E72923A38125}.Debug|Any CPU.ActiveCfg = Debug|Any CPU
		{562F3BFF-7D15-44B7-82D0-E72923A38125}.Debug|Any CPU.Build.0 = Debug|Any CPU
		{562F3BFF-7D15-44B7-82D0-E72923A38125}.Release|Any CPU.ActiveCfg = Release|Any CPU
		{562F3BFF-7D15-44B7-82D0-E72923A38125}.Release|Any CPU.Build.0 = Release|Any CPU
	EndGlobalSection
	GlobalSection(SolutionProperties) = preSolution
		HideSolutionNode = FALSE
	EndGlobalSection
	GlobalSection(ExtensibilityGlobals) = postSolution
		SolutionGuid = {A3C5BA43-2F54-4961-A82D-ABD8B310BF35}
	EndGlobalSection
EndGlobal
