
Microsoft Visual Studio Solution File, Format Version 12.00
# Visual Studio Version 17
VisualStudioVersion = 17.5.33530.505
MinimumVisualStudioVersion = 10.0.40219.1
Project("{FAE04EC0-301F-11D3-BF4B-00C04F79EFBC}") = "WebApplication3", "WebApplication3.csproj", "{277A1735-2B8A-4B1E-8FE0-4E90A3379B4F}"
EndProject
Global
	GlobalSection(SolutionConfigurationPlatforms) = preSolution
		Debug|Any CPU = Debug|Any CPU
		Release|Any CPU = Release|Any CPU
	EndGlobalSection
	GlobalSection(ProjectConfigurationPlatforms) = postSolution
		{277A1735-2B8A-4B1E-8FE0-4E90A3379B4F}.Debug|Any CPU.ActiveCfg = Debug|Any CPU
		{277A1735-2B8A-4B1E-8FE0-4E90A3379B4F}.Debug|Any CPU.Build.0 = Debug|Any CPU
		{277A1735-2B8A-4B1E-8FE0-4E90A3379B4F}.Release|Any CPU.ActiveCfg = Release|Any CPU
		{277A1735-2B8A-4B1E-8FE0-4E90A3379B4F}.Release|Any CPU.Build.0 = Release|Any CPU
	EndGlobalSection
	GlobalSection(SolutionProperties) = preSolution
		HideSolutionNode = FALSE
	EndGlobalSection
	GlobalSection(ExtensibilityGlobals) = postSolution
		SolutionGuid = {0DA19C1C-9CA4-469E-95D3-49613FECAEF2}
	EndGlobalSection
EndGlobal
