
Microsoft Visual Studio Solution File, Format Version 12.00
# Visual Studio Version 17
VisualStudioVersion = 17.5.33530.505
MinimumVisualStudioVersion = 10.0.40219.1
Project("{FAE04EC0-301F-11D3-BF4B-00C04F79EFBC}") = "WebApplication5", "WebApplication5.csproj", "{3C050AD0-ACCE-45C0-A422-CA0E02CE9526}"
EndProject
Global
	GlobalSection(SolutionConfigurationPlatforms) = preSolution
		Debug|Any CPU = Debug|Any CPU
		Release|Any CPU = Release|Any CPU
	EndGlobalSection
	GlobalSection(ProjectConfigurationPlatforms) = postSolution
		{3C050AD0-ACCE-45C0-A422-CA0E02CE9526}.Debug|Any CPU.ActiveCfg = Debug|Any CPU
		{3C050AD0-ACCE-45C0-A422-CA0E02CE9526}.Debug|Any CPU.Build.0 = Debug|Any CPU
		{3C050AD0-ACCE-45C0-A422-CA0E02CE9526}.Release|Any CPU.ActiveCfg = Release|Any CPU
		{3C050AD0-ACCE-45C0-A422-CA0E02CE9526}.Release|Any CPU.Build.0 = Release|Any CPU
	EndGlobalSection
	GlobalSection(SolutionProperties) = preSolution
		HideSolutionNode = FALSE
	EndGlobalSection
	GlobalSection(ExtensibilityGlobals) = postSolution
		SolutionGuid = {6D2E5C48-C052-4528-BCF3-198921B8C199}
	EndGlobalSection
EndGlobal
